
Microsoft Visual Studio Solution File, Format Version 12.00
# Visual Studio Version 17
VisualStudioVersion = 17.5.33414.496
MinimumVisualStudioVersion = 10.0.40219.1
Project("{FAE04EC0-301F-11D3-BF4B-00C04F79EFBC}") = "Exception_Problem", "Exception_Problem.csproj", "{92785ECE-13A6-4D24-9024-B90AE23E1D77}"
EndProject
Project("{FAE04EC0-301F-11D3-BF4B-00C04F79EFBC}") = "Person_Age", "..\Person_Age\Person_Age.csproj", "{73698C43-0B50-4ECB-919E-28E98BAB7A02}"
EndProject
Global
	GlobalSection(SolutionConfigurationPlatforms) = preSolution
		Debug|Any CPU = Debug|Any CPU
		Release|Any CPU = Release|Any CPU
	EndGlobalSection
	GlobalSection(ProjectConfigurationPlatforms) = postSolution
		{92785ECE-13A6-4D24-9024-B90AE23E1D77}.Debug|Any CPU.ActiveCfg = Debug|Any CPU
		{92785ECE-13A6-4D24-9024-B90AE23E1D77}.Debug|Any CPU.Build.0 = Debug|Any CPU
		{92785ECE-13A6-4D24-9024-B90AE23E1D77}.Release|Any CPU.ActiveCfg = Release|Any CPU
		{92785ECE-13A6-4D24-9024-B90AE23E1D77}.Release|Any CPU.Build.0 = Release|Any CPU
		{73698C43-0B50-4ECB-919E-28E98BAB7A02}.Debug|Any CPU.ActiveCfg = Debug|Any CPU
		{73698C43-0B50-4ECB-919E-28E98BAB7A02}.Debug|Any CPU.Build.0 = Debug|Any CPU
		{73698C43-0B50-4ECB-919E-28E98BAB7A02}.Release|Any CPU.ActiveCfg = Release|Any CPU
		{73698C43-0B50-4ECB-919E-28E98BAB7A02}.Release|Any CPU.Build.0 = Release|Any CPU
	EndGlobalSection
	GlobalSection(SolutionProperties) = preSolution
		HideSolutionNode = FALSE
	EndGlobalSection
	GlobalSection(ExtensibilityGlobals) = postSolution
		SolutionGuid = {A67C4120-30E1-4E5B-AD80-9646036C7F07}
	EndGlobalSection
EndGlobal
